// !$*UTF8*$!
{
	archiveVersion = 1;
	classes = {
	};
	objectVersion = 50;
	objects = {

/* Begin PBXBuildFile section */
		84F2EA66219BD3A8006AEF5F /* hsg_app_login.framework in Frameworks */ = {isa = PBXBuildFile; fileRef = 84F2EA5C219BD3A7006AEF5F /* hsg_app_login.framework */; };
		84F2EA6B219BD3A8006AEF5F /* hsg_app_loginTests.swift in Sources */ = {isa = PBXBuildFile; fileRef = 84F2EA6A219BD3A8006AEF5F /* hsg_app_loginTests.swift */; };
		84F2EA6D219BD3A8006AEF5F /* hsg_app_login.h in Headers */ = {isa = PBXBuildFile; fileRef = 84F2EA5F219BD3A7006AEF5F /* hsg_app_login.h */; settings = {ATTRIBUTES = (Public, ); }; };
		84F2EA85219BD54F006AEF5F /* LoginViewController.swift in Sources */ = {isa = PBXBuildFile; fileRef = 84F2EA84219BD54F006AEF5F /* LoginViewController.swift */; };
		84F2EA87219BD563006AEF5F /* Login.storyboard in Resources */ = {isa = PBXBuildFile; fileRef = 84F2EA86219BD563006AEF5F /* Login.storyboard */; };
		84F2EA8F219BDD34006AEF5F /* DetailViewController.swift in Sources */ = {isa = PBXBuildFile; fileRef = 84F2EA8E219BDD34006AEF5F /* DetailViewController.swift */; };
/* End PBXBuildFile section */

/* Begin PBXContainerItemProxy section */
		84F2EA67219BD3A8006AEF5F /* PBXContainerItemProxy */ = {
			isa = PBXContainerItemProxy;
			containerPortal = 84F2EA53219BD3A7006AEF5F /* Project object */;
			proxyType = 1;
			remoteGlobalIDString = 84F2EA5B219BD3A7006AEF5F;
			remoteInfo = hsg.app.login;
		};
/* End PBXContainerItemProxy section */

/* Begin PBXFileReference section */
		848B413421A4242000E6B1B9 /* project.pbxproj */ = {isa = PBXFileReference; lastKnownFileType = text.pbxproject; name = project.pbxproj; path = hsg.app.login.xcodeproj/project.pbxproj; sourceTree = SOURCE_ROOT; };
		84F2EA5C219BD3A7006AEF5F /* hsg_app_login.framework */ = {isa = PBXFileReference; explicitFileType = wrapper.framework; includeInIndex = 0; path = hsg_app_login.framework; sourceTree = BUILT_PRODUCTS_DIR; };
		84F2EA5F219BD3A7006AEF5F /* hsg_app_login.h */ = {isa = PBXFileReference; lastKnownFileType = sourcecode.c.h; path = hsg_app_login.h; sourceTree = "<group>"; };
		84F2EA60219BD3A7006AEF5F /* Info.plist */ = {isa = PBXFileReference; lastKnownFileType = text.plist.xml; path = Info.plist; sourceTree = "<group>"; };
		84F2EA65219BD3A8006AEF5F /* hsg.app.loginTests.xctest */ = {isa = PBXFileReference; explicitFileType = wrapper.cfbundle; includeInIndex = 0; path = hsg.app.loginTests.xctest; sourceTree = BUILT_PRODUCTS_DIR; };
		84F2EA6A219BD3A8006AEF5F /* hsg_app_loginTests.swift */ = {isa = PBXFileReference; lastKnownFileType = sourcecode.swift; path = hsg_app_loginTests.swift; sourceTree = "<group>"; };
		84F2EA6C219BD3A8006AEF5F /* Info.plist */ = {isa = PBXFileReference; lastKnownFileType = text.plist.xml; path = Info.plist; sourceTree = "<group>"; };
		84F2EA84219BD54F006AEF5F /* LoginViewController.swift */ = {isa = PBXFileReference; lastKnownFileType = sourcecode.swift; path = LoginViewController.swift; sourceTree = "<group>"; };
		84F2EA86219BD563006AEF5F /* Login.storyboard */ = {isa = PBXFileReference; lastKnownFileType = file.storyboard; path = Login.storyboard; sourceTree = "<group>"; };
		84F2EA8E219BDD34006AEF5F /* DetailViewController.swift */ = {isa = PBXFileReference; lastKnownFileType = sourcecode.swift; path = DetailViewController.swift; sourceTree = "<group>"; };
/* End PBXFileReference section */

/* Begin PBXFrameworksBuildPhase section */
		84F2EA59219BD3A7006AEF5F /* Frameworks */ = {
			isa = PBXFrameworksBuildPhase;
			buildActionMask = 2147483647;
			files = (
			);
			runOnlyForDeploymentPostprocessing = 0;
		};
		84F2EA62219BD3A8006AEF5F /* Frameworks */ = {
			isa = PBXFrameworksBuildPhase;
			buildActionMask = 2147483647;
			files = (
				84F2EA66219BD3A8006AEF5F /* hsg_app_login.framework in Frameworks */,
			);
			runOnlyForDeploymentPostprocessing = 0;
		};
/* End PBXFrameworksBuildPhase section */

/* Begin PBXGroup section */
		4F6C4CF94E76762CDBD8D2C4 /* Frameworks */ = {
			isa = PBXGroup;
			children = (
			);
			name = Frameworks;
			sourceTree = "<group>";
		};
		84F2EA52219BD3A7006AEF5F = {
			isa = PBXGroup;
			children = (
				84F2EA5E219BD3A7006AEF5F /* hsg.app.login */,
				84F2EA69219BD3A8006AEF5F /* hsg.app.loginTests */,
				84F2EA5D219BD3A7006AEF5F /* Products */,
				FB0411A08BF268372DB4992C /* Pods */,
				4F6C4CF94E76762CDBD8D2C4 /* Frameworks */,
			);
			sourceTree = "<group>";
		};
		84F2EA5D219BD3A7006AEF5F /* Products */ = {
			isa = PBXGroup;
			children = (
				84F2EA5C219BD3A7006AEF5F /* hsg_app_login.framework */,
				84F2EA65219BD3A8006AEF5F /* hsg.app.loginTests.xctest */,
			);
			name = Products;
			sourceTree = "<group>";
		};
		84F2EA5E219BD3A7006AEF5F /* hsg.app.login */ = {
			isa = PBXGroup;
			children = (
				848B413421A4242000E6B1B9 /* project.pbxproj */,
				84F2EA5F219BD3A7006AEF5F /* hsg_app_login.h */,
				84F2EA60219BD3A7006AEF5F /* Info.plist */,
				84F2EA84219BD54F006AEF5F /* LoginViewController.swift */,
				84F2EA8E219BDD34006AEF5F /* DetailViewController.swift */,
				84F2EA86219BD563006AEF5F /* Login.storyboard */,
			);
			path = hsg.app.login;
			sourceTree = "<group>";
		};
		84F2EA69219BD3A8006AEF5F /* hsg.app.loginTests */ = {
			isa = PBXGroup;
			children = (
				84F2EA6A219BD3A8006AEF5F /* hsg_app_loginTests.swift */,
				84F2EA6C219BD3A8006AEF5F /* Info.plist */,
			);
			path = hsg.app.loginTests;
			sourceTree = "<group>";
		};
		FB0411A08BF268372DB4992C /* Pods */ = {
			isa = PBXGroup;
			children = (
			);
			name = Pods;
			sourceTree = "<group>";
		};
/* End PBXGroup section */

/* Begin PBXHeadersBuildPhase section */
		84F2EA57219BD3A7006AEF5F /* Headers */ = {
			isa = PBXHeadersBuildPhase;
			buildActionMask = 2147483647;
			files = (
				84F2EA6D219BD3A8006AEF5F /* hsg_app_login.h in Headers */,
			);
			runOnlyForDeploymentPostprocessing = 0;
		};
/* End PBXHeadersBuildPhase section */

/* Begin PBXNativeTarget section */
		84F2EA5B219BD3A7006AEF5F /* hsg.app.login */ = {
			isa = PBXNativeTarget;
			buildConfigurationList = 84F2EA70219BD3A8006AEF5F /* Build configuration list for PBXNativeTarget "hsg.app.login" */;
			buildPhases = (
				84F2EA57219BD3A7006AEF5F /* Headers */,
				84F2EA58219BD3A7006AEF5F /* Sources */,
				84F2EA59219BD3A7006AEF5F /* Frameworks */,
				84F2EA5A219BD3A7006AEF5F /* Resources */,
			);
			buildRules = (
			);
			dependencies = (
			);
			name = hsg.app.login;
			productName = hsg.app.login;
			productReference = 84F2EA5C219BD3A7006AEF5F /* hsg_app_login.framework */;
			productType = "com.apple.product-type.framework";
		};
		84F2EA64219BD3A8006AEF5F /* hsg.app.loginTests */ = {
			isa = PBXNativeTarget;
			buildConfigurationList = 84F2EA73219BD3A8006AEF5F /* Build configuration list for PBXNativeTarget "hsg.app.loginTests" */;
			buildPhases = (
				84F2EA61219BD3A8006AEF5F /* Sources */,
				84F2EA62219BD3A8006AEF5F /* Frameworks */,
				84F2EA63219BD3A8006AEF5F /* Resources */,
			);
			buildRules = (
			);
			dependencies = (
				84F2EA68219BD3A8006AEF5F /* PBXTargetDependency */,
			);
			name = hsg.app.loginTests;
			productName = hsg.app.loginTests;
			productReference = 84F2EA65219BD3A8006AEF5F /* hsg.app.loginTests.xctest */;
			productType = "com.apple.product-type.bundle.unit-test";
		};
/* End PBXNativeTarget section */

/* Begin PBXProject section */
		84F2EA53219BD3A7006AEF5F /* Project object */ = {
			isa = PBXProject;
			attributes = {
				LastSwiftUpdateCheck = 1000;
				LastUpgradeCheck = 1000;
				ORGANIZATIONNAME = clcw;
				TargetAttributes = {
					84F2EA5B219BD3A7006AEF5F = {
						CreatedOnToolsVersion = 10.0;
						LastSwiftMigration = 1000;
					};
					84F2EA64219BD3A8006AEF5F = {
						CreatedOnToolsVersion = 10.0;
					};
				};
			};
			buildConfigurationList = 84F2EA56219BD3A7006AEF5F /* Build configuration list for PBXProject "hsg.app.login" */;
			compatibilityVersion = "Xcode 9.3";
			developmentRegion = en;
			hasScannedForEncodings = 0;
			knownRegions = (
				en,
			);
			mainGroup = 84F2EA52219BD3A7006AEF5F;
			productRefGroup = 84F2EA5D219BD3A7006AEF5F /* Products */;
			projectDirPath = "";
			projectRoot = "";
			targets = (
				84F2EA5B219BD3A7006AEF5F /* hsg.app.login */,
				84F2EA64219BD3A8006AEF5F /* hsg.app.loginTests */,
			);
		};
/* End PBXProject section */

/* Begin PBXResourcesBuildPhase section */
		84F2EA5A219BD3A7006AEF5F /* Resources */ = {
			isa = PBXResourcesBuildPhase;
			buildActionMask = 2147483647;
			files = (
				84F2EA87219BD563006AEF5F /* Login.storyboard in Resources */,
			);
			runOnlyForDeploymentPostprocessing = 0;
		};
		84F2EA63219BD3A8006AEF5F /* Resources */ = {
			isa = PBXResourcesBuildPhase;
			buildActionMask = 2147483647;
			files = (
			);
			runOnlyForDeploymentPostprocessing = 0;
		};
/* End PBXResourcesBuildPhase section */

/* Begin PBXSourcesBuildPhase section */
		84F2EA58219BD3A7006AEF5F /* Sources */ = {
			isa = PBXSourcesBuildPhase;
			buildActionMask = 2147483647;
			files = (
				84F2EA85219BD54F006AEF5F /* LoginViewController.swift in Sources */,
				84F2EA8F219BDD34006AEF5F /* DetailViewController.swift in Sources */,
			);
			runOnlyForDeploymentPostprocessing = 0;
		};
		84F2EA61219BD3A8006AEF5F /* Sources */ = {
			isa = PBXSourcesBuildPhase;
			buildActionMask = 2147483647;
			files = (
				84F2EA6B219BD3A8006AEF5F /* hsg_app_loginTests.swift in Sources */,
			);
			runOnlyForDeploymentPostprocessing = 0;
		};
/* End PBXSourcesBuildPhase section */

/* Begin PBXTargetDependency section */
		84F2EA68219BD3A8006AEF5F /* PBXTargetDependency */ = {
			isa = PBXTargetDependency;
			target = 84F2EA5B219BD3A7006AEF5F /* hsg.app.login */;
			targetProxy = 84F2EA67219BD3A8006AEF5F /* PBXContainerItemProxy */;
		};
/* End PBXTargetDependency section */

/* Begin XCBuildConfiguration section */
		84F2EA6E219BD3A8006AEF5F /* Debug */ = {
			isa = XCBuildConfiguration;
			buildSettings = {
				ALWAYS_SEARCH_USER_PATHS = NO;
				CLANG_ANALYZER_NONNULL = YES;
				CLANG_ANALYZER_NUMBER_OBJECT_CONVERSION = YES_AGGRESSIVE;
				CLANG_CXX_LANGUAGE_STANDARD = "gnu++14";
				CLANG_CXX_LIBRARY = "libc++";
				CLANG_ENABLE_MODULES = YES;
				CLANG_ENABLE_OBJC_ARC = YES;
				CLANG_ENABLE_OBJC_WEAK = YES;
				CLANG_WARN_BLOCK_CAPTURE_AUTORELEASING = YES;
				CLANG_WARN_BOOL_CONVERSION = YES;
				CLANG_WARN_COMMA = YES;
				CLANG_WARN_CONSTANT_CONVERSION = YES;
				CLANG_WARN_DEPRECATED_OBJC_IMPLEMENTATIONS = YES;
				CLANG_WARN_DIRECT_OBJC_ISA_USAGE = YES_ERROR;
				CLANG_WARN_DOCUMENTATION_COMMENTS = YES;
				CLANG_WARN_EMPTY_BODY = YES;
				CLANG_WARN_ENUM_CONVERSION = YES;
				CLANG_WARN_INFINITE_RECURSION = YES;
				CLANG_WARN_INT_CONVERSION = YES;
				CLANG_WARN_NON_LITERAL_NULL_CONVERSION = YES;
				CLANG_WARN_OBJC_IMPLICIT_RETAIN_SELF = YES;
				CLANG_WARN_OBJC_LITERAL_CONVERSION = YES;
				CLANG_WARN_OBJC_ROOT_CLASS = YES_ERROR;
				CLANG_WARN_RANGE_LOOP_ANALYSIS = YES;
				CLANG_WARN_STRICT_PROTOTYPES = YES;
				CLANG_WARN_SUSPICIOUS_MOVE = YES;
				CLANG_WARN_UNGUARDED_AVAILABILITY = YES_AGGRESSIVE;
				CLANG_WARN_UNREACHABLE_CODE = YES;
				CLANG_WARN__DUPLICATE_METHOD_MATCH = YES;
				CODE_SIGN_IDENTITY = "iPhone Developer";
				COPY_PHASE_STRIP = NO;
				CURRENT_PROJECT_VERSION = 1;
				DEBUG_INFORMATION_FORMAT = dwarf;
				ENABLE_STRICT_OBJC_MSGSEND = YES;
				ENABLE_TESTABILITY = YES;
				GCC_C_LANGUAGE_STANDARD = gnu11;
				GCC_DYNAMIC_NO_PIC = NO;
				GCC_NO_COMMON_BLOCKS = YES;
				GCC_OPTIMIZATION_LEVEL = 0;
				GCC_PREPROCESSOR_DEFINITIONS = (
					"DEBUG=1",
					"$(inherited)",
				);
				GCC_WARN_64_TO_32_BIT_CONVERSION = YES;
				GCC_WARN_ABOUT_RETURN_TYPE = YES_ERROR;
				GCC_WARN_UNDECLARED_SELECTOR = YES;
				GCC_WARN_UNINITIALIZED_AUTOS = YES_AGGRESSIVE;
				GCC_WARN_UNUSED_FUNCTION = YES;
				GCC_WARN_UNUSED_VARIABLE = YES;
				IPHONEOS_DEPLOYMENT_TARGET = 12.0;
				MTL_ENABLE_DEBUG_INFO = INCLUDE_SOURCE;
				MTL_FAST_MATH = YES;
				ONLY_ACTIVE_ARCH = YES;
				SDKROOT = iphoneos;
				SWIFT_ACTIVE_COMPILATION_CONDITIONS = DEBUG;
				SWIFT_OPTIMIZATION_LEVEL = "-Onone";
				VERSIONING_SYSTEM = "apple-generic";
				VERSION_INFO_PREFIX = "";
			};
			name = Debug;
		};
		84F2EA6F219BD3A8006AEF5F /* Release */ = {
			isa = XCBuildConfiguration;
			buildSettings = {
				ALWAYS_SEARCH_USER_PATHS = NO;
				CLANG_ANALYZER_NONNULL = YES;
				CLANG_ANALYZER_NUMBER_OBJECT_CONVERSION = YES_AGGRESSIVE;
				CLANG_CXX_LANGUAGE_STANDARD = "gnu++14";
				CLANG_CXX_LIBRARY = "libc++";
				CLANG_ENABLE_MODULES = YES;
				CLANG_ENABLE_OBJC_ARC = YES;
				CLANG_ENABLE_OBJC_WEAK = YES;
				CLANG_WARN_BLOCK_CAPTURE_AUTORELEASING = YES;
				CLANG_WARN_BOOL_CONVERSION = YES;
				CLANG_WARN_COMMA = YES;
				CLANG_WARN_CONSTANT_CONVERSION = YES;
				CLANG_WARN_DEPRECATED_OBJC_IMPLEMENTATIONS = YES;
				CLANG_WARN_DIRECT_OBJC_ISA_USAGE = YES_ERROR;
				CLANG_WARN_DOCUMENTATION_COMMENTS = YES;
				CLANG_WARN_EMPTY_BODY = YES;
				CLANG_WARN_ENUM_CONVERSION = YES;
				CLANG_WARN_INFINITE_RECURSION = YES;
				CLANG_WARN_INT_CONVERSION = YES;
				CLANG_WARN_NON_LITERAL_NULL_CONVERSION = YES;
				CLANG_WARN_OBJC_IMPLICIT_RETAIN_SELF = YES;
				CLANG_WARN_OBJC_LITERAL_CONVERSION = YES;
				CLANG_WARN_OBJC_ROOT_CLASS = YES_ERROR;
				CLANG_WARN_RANGE_LOOP_ANALYSIS = YES;
				CLANG_WARN_STRICT_PROTOTYPES = YES;
				CLANG_WARN_SUSPICIOUS_MOVE = YES;
				CLANG_WARN_UNGUARDED_AVAILABILITY = YES_AGGRESSIVE;
				CLANG_WARN_UNREACHABLE_CODE = YES;
				CLANG_WARN__DUPLICATE_METHOD_MATCH = YES;
				CODE_SIGN_IDENTITY = "iPhone Developer";
				COPY_PHASE_STRIP = NO;
				CURRENT_PROJECT_VERSION = 1;
				DEBUG_INFORMATION_FORMAT = "dwarf-with-dsym";
				ENABLE_NS_ASSERTIONS = NO;
				ENABLE_STRICT_OBJC_MSGSEND = YES;
				GCC_C_LANGUAGE_STANDARD = gnu11;
				GCC_NO_COMMON_BLOCKS = YES;
				GCC_WARN_64_TO_32_BIT_CONVERSION = YES;
				GCC_WARN_ABOUT_RETURN_TYPE = YES_ERROR;
				GCC_WARN_UNDECLARED_SELECTOR = YES;
				GCC_WARN_UNINITIALIZED_AUTOS = YES_AGGRESSIVE;
				GCC_WARN_UNUSED_FUNCTION = YES;
				GCC_WARN_UNUSED_VARIABLE = YES;
				IPHONEOS_DEPLOYMENT_TARGET = 12.0;
				MTL_ENABLE_DEBUG_INFO = NO;
				MTL_FAST_MATH = YES;
				SDKROOT = iphoneos;
				SWIFT_COMPILATION_MODE = wholemodule;
				SWIFT_OPTIMIZATION_LEVEL = "-O";
				VALIDATE_PRODUCT = YES;
				VERSIONING_SYSTEM = "apple-generic";
				VERSION_INFO_PREFIX = "";
			};
			name = Release;
		};
		84F2EA71219BD3A8006AEF5F /* Debug */ = {
			isa = XCBuildConfiguration;
			buildSettings = {
				CLANG_ENABLE_MODULES = YES;
				CODE_SIGN_IDENTITY = "iPhone Developer";
				CODE_SIGN_STYLE = Automatic;
				DEFINES_MODULE = YES;
				DEVELOPMENT_TEAM = 9CA5KUE8T7;
				DYLIB_COMPATIBILITY_VERSION = 1;
				DYLIB_CURRENT_VERSION = 1;
				DYLIB_INSTALL_NAME_BASE = "@rpath";
				INFOPLIST_FILE = hsg.app.login/Info.plist;
				INSTALL_PATH = "$(LOCAL_LIBRARY_DIR)/Frameworks";
				LD_RUNPATH_SEARCH_PATHS = (
					"$(inherited)",
					"@executable_path/Frameworks",
					"@loader_path/Frameworks",
				);
				PRODUCT_BUNDLE_IDENTIFIER = "hsg.com.hsg-app-login";
				PRODUCT_NAME = "$(TARGET_NAME:c99extidentifier)";
				PROVISIONING_PROFILE_SPECIFIER = "";
				SKIP_INSTALL = YES;
				SWIFT_OPTIMIZATION_LEVEL = "-Onone";
				SWIFT_VERSION = 4.2;
				TARGETED_DEVICE_FAMILY = "1,2";
			};
			name = Debug;
		};
		84F2EA72219BD3A8006AEF5F /* Release */ = {
			isa = XCBuildConfiguration;
			buildSettings = {
				CLANG_ENABLE_MODULES = YES;
				CODE_SIGN_IDENTITY = "iPhone Developer";
				CODE_SIGN_STYLE = Automatic;
				DEFINES_MODULE = YES;
				DEVELOPMENT_TEAM = 9CA5KUE8T7;
				DYLIB_COMPATIBILITY_VERSION = 1;
				DYLIB_CURRENT_VERSION = 1;
				DYLIB_INSTALL_NAME_BASE = "@rpath";
				INFOPLIST_FILE = hsg.app.login/Info.plist;
				INSTALL_PATH = "$(LOCAL_LIBRARY_DIR)/Frameworks";
				LD_RUNPATH_SEARCH_PATHS = (
					"$(inherited)",
					"@executable_path/Frameworks",
					"@loader_path/Frameworks",
				);
				PRODUCT_BUNDLE_IDENTIFIER = "hsg.com.hsg-app-login";
				PRODUCT_NAME = "$(TARGET_NAME:c99extidentifier)";
				PROVISIONING_PROFILE_SPECIFIER = "";
				SKIP_INSTALL = YES;
				SWIFT_VERSION = 4.2;
				TARGETED_DEVICE_FAMILY = "1,2";
			};
			name = Release;
		};
		84F2EA74219BD3A8006AEF5F /* Debug */ = {
			isa = XCBuildConfiguration;
			buildSettings = {
				ALWAYS_EMBED_SWIFT_STANDARD_LIBRARIES = YES;
				CODE_SIGN_STYLE = Automatic;
				DEVELOPMENT_TEAM = 9CA5KUE8T7;
				INFOPLIST_FILE = hsg.app.loginTests/Info.plist;
				LD_RUNPATH_SEARCH_PATHS = (
					"$(inherited)",
					"@executable_path/Frameworks",
					"@loader_path/Frameworks",
				);
				PRODUCT_BUNDLE_IDENTIFIER = "hsg.com.hsg-app-loginTests";
				PRODUCT_NAME = "$(TARGET_NAME)";
				SWIFT_VERSION = 4.2;
				TARGETED_DEVICE_FAMILY = "1,2";
			};
			name = Debug;
		};
		84F2EA75219BD3A8006AEF5F /* Release */ = {
			isa = XCBuildConfiguration;
			buildSettings = {
				ALWAYS_EMBED_SWIFT_STANDARD_LIBRARIES = YES;
				CODE_SIGN_STYLE = Automatic;
				DEVELOPMENT_TEAM = 9CA5KUE8T7;
				INFOPLIST_FILE = hsg.app.loginTests/Info.plist;
				LD_RUNPATH_SEARCH_PATHS = (
					"$(inherited)",
					"@executable_path/Frameworks",
					"@loader_path/Frameworks",
				);
				PRODUCT_BUNDLE_IDENTIFIER = "hsg.com.hsg-app-loginTests";
				PRODUCT_NAME = "$(TARGET_NAME)";
				SWIFT_VERSION = 4.2;
				TARGETED_DEVICE_FAMILY = "1,2";
			};
			name = Release;
		};
/* End XCBuildConfiguration section */

/* Begin XCConfigurationList section */
		84F2EA56219BD3A7006AEF5F /* Build configuration list for PBXProject "hsg.app.login" */ = {
			isa = XCConfigurationList;
			buildConfigurations = (
				84F2EA6E219BD3A8006AEF5F /* Debug */,
				84F2EA6F219BD3A8006AEF5F /* Release */,
			);
			defaultConfigurationIsVisible = 0;
			defaultConfigurationName = Release;
		};
		84F2EA70219BD3A8006AEF5F /* Build configuration list for PBXNativeTarget "hsg.app.login" */ = {
			isa = XCConfigurationList;
			buildConfigurations = (
				84F2EA71219BD3A8006AEF5F /* Debug */,
				84F2EA72219BD3A8006AEF5F /* Release */,
			);
			defaultConfigurationIsVisible = 0;
			defaultConfigurationName = Release;
		};
		84F2EA73219BD3A8006AEF5F /* Build configuration list for PBXNativeTarget "hsg.app.loginTests" */ = {
			isa = XCConfigurationList;
			buildConfigurations = (
				84F2EA74219BD3A8006AEF5F /* Debug */,
				84F2EA75219BD3A8006AEF5F /* Release */,
			);
			defaultConfigurationIsVisible = 0;
			defaultConfigurationName = Release;
		};
/* End XCConfigurationList section */
	};
	rootObject = 84F2EA53219BD3A7006AEF5F /* Project object */;
}
